// !$*UTF8*$!
{
	archiveVersion = 1;
	classes = {
	};
	objectVersion = 50;
	objects = {

/* Begin PBXBuildFile section */
		3E80439C240564A70034C44D /* AppDelegate.swift in Sources */ = {isa = PBXBuildFile; fileRef = 3E80439B240564A70034C44D /* AppDelegate.swift */; };
		3E80439E240564A70034C44D /* SceneDelegate.swift in Sources */ = {isa = PBXBuildFile; fileRef = 3E80439D240564A70034C44D /* SceneDelegate.swift */; };
		3E8043A0240564A70034C44D /* ViewController.swift in Sources */ = {isa = PBXBuildFile; fileRef = 3E80439F240564A70034C44D /* ViewController.swift */; };
		3E8043A3240564A70034C44D /* Main.storyboard in Resources */ = {isa = PBXBuildFile; fileRef = 3E8043A1240564A70034C44D /* Main.storyboard */; };
		3E8043A5240564AC0034C44D /* Assets.xcassets in Resources */ = {isa = PBXBuildFile; fileRef = 3E8043A4240564AC0034C44D /* Assets.xcassets */; };
		3E8043A8240564AC0034C44D /* LaunchScreen.storyboard in Resources */ = {isa = PBXBuildFile; fileRef = 3E8043A6240564AC0034C44D /* LaunchScreen.storyboard */; };
		3E8043B3240564AC0034C44D /* DDPopupTests.swift in Sources */ = {isa = PBXBuildFile; fileRef = 3E8043B2240564AC0034C44D /* DDPopupTests.swift */; };
		3E8043BE240564AC0034C44D /* DDPopupUITests.swift in Sources */ = {isa = PBXBuildFile; fileRef = 3E8043BD240564AC0034C44D /* DDPopupUITests.swift */; };
/* End PBXBuildFile section */

/* Begin PBXContainerItemProxy section */
		3E8043AF240564AC0034C44D /* PBXContainerItemProxy */ = {
			isa = PBXContainerItemProxy;
			containerPortal = 3E804390240564A70034C44D /* Project object */;
			proxyType = 1;
			remoteGlobalIDString = 3E804397240564A70034C44D;
			remoteInfo = DDPopup;
		};
		3E8043BA240564AC0034C44D /* PBXContainerItemProxy */ = {
			isa = PBXContainerItemProxy;
			containerPortal = 3E804390240564A70034C44D /* Project object */;
			proxyType = 1;
			remoteGlobalIDString = 3E804397240564A70034C44D;
			remoteInfo = DDPopup;
		};
/* End PBXContainerItemProxy section */

/* Begin PBXFileReference section */
		3E804398240564A70034C44D /* DDPopup.app */ = {isa = PBXFileReference; explicitFileType = wrapper.application; includeInIndex = 0; path = DDPopup.app; sourceTree = BUILT_PRODUCTS_DIR; };
		3E80439B240564A70034C44D /* AppDelegate.swift */ = {isa = PBXFileReference; lastKnownFileType = sourcecode.swift; path = AppDelegate.swift; sourceTree = "<group>"; };
		3E80439D240564A70034C44D /* SceneDelegate.swift */ = {isa = PBXFileReference; lastKnownFileType = sourcecode.swift; path = SceneDelegate.swift; sourceTree = "<group>"; };
		3E80439F240564A70034C44D /* ViewController.swift */ = {isa = PBXFileReference; lastKnownFileType = sourcecode.swift; path = ViewController.swift; sourceTree = "<group>"; };
		3E8043A2240564A70034C44D /* Base */ = {isa = PBXFileReference; lastKnownFileType = file.storyboard; name = Base; path = Base.lproj/Main.storyboard; sourceTree = "<group>"; };
		3E8043A4240564AC0034C44D /* Assets.xcassets */ = {isa = PBXFileReference; lastKnownFileType = folder.assetcatalog; path = Assets.xcassets; sourceTree = "<group>"; };
		3E8043A7240564AC0034C44D /* Base */ = {isa = PBXFileReference; lastKnownFileType = file.storyboard; name = Base; path = Base.lproj/LaunchScreen.storyboard; sourceTree = "<group>"; };
		3E8043A9240564AC0034C44D /* Info.plist */ = {isa = PBXFileReference; lastKnownFileType = text.plist.xml; path = Info.plist; sourceTree = "<group>"; };
		3E8043AE240564AC0034C44D /* DDPopupTests.xctest */ = {isa = PBXFileReference; explicitFileType = wrapper.cfbundle; includeInIndex = 0; path = DDPopupTests.xctest; sourceTree = BUILT_PRODUCTS_DIR; };
		3E8043B2240564AC0034C44D /* DDPopupTests.swift */ = {isa = PBXFileReference; lastKnownFileType = sourcecode.swift; path = DDPopupTests.swift; sourceTree = "<group>"; };
		3E8043B4240564AC0034C44D /* Info.plist */ = {isa = PBXFileReference; lastKnownFileType = text.plist.xml; path = Info.plist; sourceTree = "<group>"; };
		3E8043B9240564AC0034C44D /* DDPopupUITests.xctest */ = {isa = PBXFileReference; explicitFileType = wrapper.cfbundle; includeInIndex = 0; path = DDPopupUITests.xctest; sourceTree = BUILT_PRODUCTS_DIR; };
		3E8043BD240564AC0034C44D /* DDPopupUITests.swift */ = {isa = PBXFileReference; lastKnownFileType = sourcecode.swift; path = DDPopupUITests.swift; sourceTree = "<group>"; };
		3E8043BF240564AC0034C44D /* Info.plist */ = {isa = PBXFileReference; lastKnownFileType = text.plist.xml; path = Info.plist; sourceTree = "<group>"; };
/* End PBXFileReference section */

/* Begin PBXFrameworksBuildPhase section */
		3E804395240564A70034C44D /* Frameworks */ = {
			isa = PBXFrameworksBuildPhase;
			buildActionMask = 2147483647;
			files = (
			);
			runOnlyForDeploymentPostprocessing = 0;
		};
		3E8043AB240564AC0034C44D /* Frameworks */ = {
			isa = PBXFrameworksBuildPhase;
			buildActionMask = 2147483647;
			files = (
			);
			runOnlyForDeploymentPostprocessing = 0;
		};
		3E8043B6240564AC0034C44D /* Frameworks */ = {
			isa = PBXFrameworksBuildPhase;
			buildActionMask = 2147483647;
			files = (
			);
			runOnlyForDeploymentPostprocessing = 0;
		};
/* End PBXFrameworksBuildPhase section */

/* Begin PBXGroup section */
		3E80438F240564A70034C44D = {
			isa = PBXGroup;
			children = (
				3E80439A240564A70034C44D /* DDPopup */,
				3E8043B1240564AC0034C44D /* DDPopupTests */,
				3E8043BC240564AC0034C44D /* DDPopupUITests */,
				3E804399240564A70034C44D /* Products */,
			);
			sourceTree = "<group>";
		};
		3E804399240564A70034C44D /* Products */ = {
			isa = PBXGroup;
			children = (
				3E804398240564A70034C44D /* DDPopup.app */,
				3E8043AE240564AC0034C44D /* DDPopupTests.xctest */,
				3E8043B9240564AC0034C44D /* DDPopupUITests.xctest */,
			);
			name = Products;
			sourceTree = "<group>";
		};
		3E80439A240564A70034C44D /* DDPopup */ = {
			isa = PBXGroup;
			children = (
				3E80439B240564A70034C44D /* AppDelegate.swift */,
				3E80439D240564A70034C44D /* SceneDelegate.swift */,
				3E80439F240564A70034C44D /* ViewController.swift */,
				3E8043A1240564A70034C44D /* Main.storyboard */,
				3E8043A4240564AC0034C44D /* Assets.xcassets */,
				3E8043A6240564AC0034C44D /* LaunchScreen.storyboard */,
				3E8043A9240564AC0034C44D /* Info.plist */,
			);
			path = DDPopup;
			sourceTree = "<group>";
		};
		3E8043B1240564AC0034C44D /* DDPopupTests */ = {
			isa = PBXGroup;
			children = (
				3E8043B2240564AC0034C44D /* DDPopupTests.swift */,
				3E8043B4240564AC0034C44D /* Info.plist */,
			);
			path = DDPopupTests;
			sourceTree = "<group>";
		};
		3E8043BC240564AC0034C44D /* DDPopupUITests */ = {
			isa = PBXGroup;
			children = (
				3E8043BD240564AC0034C44D /* DDPopupUITests.swift */,
				3E8043BF240564AC0034C44D /* Info.plist */,
			);
			path = DDPopupUITests;
			sourceTree = "<group>";
		};
/* End PBXGroup section */

/* Begin PBXNativeTarget section */
		3E804397240564A70034C44D /* DDPopup */ = {
			isa = PBXNativeTarget;
			buildConfigurationList = 3E8043C2240564AC0034C44D /* Build configuration list for PBXNativeTarget "DDPopup" */;
			buildPhases = (
				3E804394240564A70034C44D /* Sources */,
				3E804395240564A70034C44D /* Frameworks */,
				3E804396240564A70034C44D /* Resources */,
			);
			buildRules = (
			);
			dependencies = (
			);
			name = DDPopup;
			productName = DDPopup;
			productReference = 3E804398240564A70034C44D /* DDPopup.app */;
			productType = "com.apple.product-type.application";
		};
		3E8043AD240564AC0034C44D /* DDPopupTests */ = {
			isa = PBXNativeTarget;
			buildConfigurationList = 3E8043C5240564AC0034C44D /* Build configuration list for PBXNativeTarget "DDPopupTests" */;
			buildPhases = (
				3E8043AA240564AC0034C44D /* Sources */,
				3E8043AB240564AC0034C44D /* Frameworks */,
				3E8043AC240564AC0034C44D /* Resources */,
			);
			buildRules = (
			);
			dependencies = (
				3E8043B0240564AC0034C44D /* PBXTargetDependency */,
			);
			name = DDPopupTests;
			productName = DDPopupTests;
			productReference = 3E8043AE240564AC0034C44D /* DDPopupTests.xctest */;
			productType = "com.apple.product-type.bundle.unit-test";
		};
		3E8043B8240564AC0034C44D /* DDPopupUITests */ = {
			isa = PBXNativeTarget;
			buildConfigurationList = 3E8043C8240564AC0034C44D /* Build configuration list for PBXNativeTarget "DDPopupUITests" */;
			buildPhases = (
				3E8043B5240564AC0034C44D /* Sources */,
				3E8043B6240564AC0034C44D /* Frameworks */,
				3E8043B7240564AC0034C44D /* Resources */,
			);
			buildRules = (
			);
			dependencies = (
				3E8043BB240564AC0034C44D /* PBXTargetDependency */,
			);
			name = DDPopupUITests;
			productName = DDPopupUITests;
			productReference = 3E8043B9240564AC0034C44D /* DDPopupUITests.xctest */;
			productType = "com.apple.product-type.bundle.ui-testing";
		};
/* End PBXNativeTarget section */

/* Begin PBXProject section */
		3E804390240564A70034C44D /* Project object */ = {
			isa = PBXProject;
			attributes = {
				LastSwiftUpdateCheck = 1130;
				LastUpgradeCheck = 1130;
				ORGANIZATIONNAME = "deepin do";
				TargetAttributes = {
					3E804397240564A70034C44D = {
						CreatedOnToolsVersion = 11.3.1;
					};
					3E8043AD240564AC0034C44D = {
						CreatedOnToolsVersion = 11.3.1;
						TestTargetID = 3E804397240564A70034C44D;
					};
					3E8043B8240564AC0034C44D = {
						CreatedOnToolsVersion = 11.3.1;
						TestTargetID = 3E804397240564A70034C44D;
					};
				};
			};
			buildConfigurationList = 3E804393240564A70034C44D /* Build configuration list for PBXProject "DDPopup" */;
			compatibilityVersion = "Xcode 9.3";
			developmentRegion = en;
			hasScannedForEncodings = 0;
			knownRegions = (
				en,
				Base,
			);
			mainGroup = 3E80438F240564A70034C44D;
			productRefGroup = 3E804399240564A70034C44D /* Products */;
			projectDirPath = "";
			projectRoot = "";
			targets = (
				3E804397240564A70034C44D /* DDPopup */,
				3E8043AD240564AC0034C44D /* DDPopupTests */,
				3E8043B8240564AC0034C44D /* DDPopupUITests */,
			);
		};
/* End PBXProject section */

/* Begin PBXResourcesBuildPhase section */
		3E804396240564A70034C44D /* Resources */ = {
			isa = PBXResourcesBuildPhase;
			buildActionMask = 2147483647;
			files = (
				3E8043A8240564AC0034C44D /* LaunchScreen.storyboard in Resources */,
				3E8043A5240564AC0034C44D /* Assets.xcassets in Resources */,
				3E8043A3240564A70034C44D /* Main.storyboard in Resources */,
			);
			runOnlyForDeploymentPostprocessing = 0;
		};
		3E8043AC240564AC0034C44D /* Resources */ = {
			isa = PBXResourcesBuildPhase;
			buildActionMask = 2147483647;
			files = (
			);
			runOnlyForDeploymentPostprocessing = 0;
		};
		3E8043B7240564AC0034C44D /* Resources */ = {
			isa = PBXResourcesBuildPhase;
			buildActionMask = 2147483647;
			files = (
			);
			runOnlyForDeploymentPostprocessing = 0;
		};
/* End PBXResourcesBuildPhase section */

/* Begin PBXSourcesBuildPhase section */
		3E804394240564A70034C44D /* Sources */ = {
			isa = PBXSourcesBuildPhase;
			buildActionMask = 2147483647;
			files = (
				3E8043A0240564A70034C44D /* ViewController.swift in Sources */,
				3E80439C240564A70034C44D /* AppDelegate.swift in Sources */,
				3E80439E240564A70034C44D /* SceneDelegate.swift in Sources */,
			);
			runOnlyForDeploymentPostprocessing = 0;
		};
		3E8043AA240564AC0034C44D /* Sources */ = {
			isa = PBXSourcesBuildPhase;
			buildActionMask = 2147483647;
			files = (
				3E8043B3240564AC0034C44D /* DDPopupTests.swift in Sources */,
			);
			runOnlyForDeploymentPostprocessing = 0;
		};
		3E8043B5240564AC0034C44D /* Sources */ = {
			isa = PBXSourcesBuildPhase;
			buildActionMask = 2147483647;
			files = (
				3E8043BE240564AC0034C44D /* DDPopupUITests.swift in Sources */,
			);
			runOnlyForDeploymentPostprocessing = 0;
		};
/* End PBXSourcesBuildPhase section */

/* Begin PBXTargetDependency section */
		3E8043B0240564AC0034C44D /* PBXTargetDependency */ = {
			isa = PBXTargetDependency;
			target = 3E804397240564A70034C44D /* DDPopup */;
			targetProxy = 3E8043AF240564AC0034C44D /* PBXContainerItemProxy */;
		};
		3E8043BB240564AC0034C44D /* PBXTargetDependency */ = {
			isa = PBXTargetDependency;
			target = 3E804397240564A70034C44D /* DDPopup */;
			targetProxy = 3E8043BA240564AC0034C44D /* PBXContainerItemProxy */;
		};
/* End PBXTargetDependency section */

/* Begin PBXVariantGroup section */
		3E8043A1240564A70034C44D /* Main.storyboard */ = {
			isa = PBXVariantGroup;
			children = (
				3E8043A2240564A70034C44D /* Base */,
			);
			name = Main.storyboard;
			sourceTree = "<group>";
		};
		3E8043A6240564AC0034C44D /* LaunchScreen.storyboard */ = {
			isa = PBXVariantGroup;
			children = (
				3E8043A7240564AC0034C44D /* Base */,
			);
			name = LaunchScreen.storyboard;
			sourceTree = "<group>";
		};
/* End PBXVariantGroup section */

/* Begin XCBuildConfiguration section */
		3E8043C0240564AC0034C44D /* Debug */ = {
			isa = XCBuildConfiguration;
			buildSettings = {
				ALWAYS_SEARCH_USER_PATHS = NO;
				CLANG_ANALYZER_NONNULL = YES;
				CLANG_ANALYZER_NUMBER_OBJECT_CONVERSION = YES_AGGRESSIVE;
				CLANG_CXX_LANGUAGE_STANDARD = "gnu++14";
				CLANG_CXX_LIBRARY = "libc++";
				CLANG_ENABLE_MODULES = YES;
				CLANG_ENABLE_OBJC_ARC = YES;
				CLANG_ENABLE_OBJC_WEAK = YES;
				CLANG_WARN_BLOCK_CAPTURE_AUTORELEASING = YES;
				CLANG_WARN_BOOL_CONVERSION = YES;
				CLANG_WARN_COMMA = YES;
				CLANG_WARN_CONSTANT_CONVERSION = YES;
				CLANG_WARN_DEPRECATED_OBJC_IMPLEMENTATIONS = YES;
				CLANG_WARN_DIRECT_OBJC_ISA_USAGE = YES_ERROR;
				CLANG_WARN_DOCUMENTATION_COMMENTS = YES;
				CLANG_WARN_EMPTY_BODY = YES;
				CLANG_WARN_ENUM_CONVERSION = YES;
				CLANG_WARN_INFINITE_RECURSION = YES;
				CLANG_WARN_INT_CONVERSION = YES;
				CLANG_WARN_NON_LITERAL_NULL_CONVERSION = YES;
				CLANG_WARN_OBJC_IMPLICIT_RETAIN_SELF = YES;
				CLANG_WARN_OBJC_LITERAL_CONVERSION = YES;
				CLANG_WARN_OBJC_ROOT_CLASS = YES_ERROR;
				CLANG_WARN_RANGE_LOOP_ANALYSIS = YES;
				CLANG_WARN_STRICT_PROTOTYPES = YES;
				CLANG_WARN_SUSPICIOUS_MOVE = YES;
				CLANG_WARN_UNGUARDED_AVAILABILITY = YES_AGGRESSIVE;
				CLANG_WARN_UNREACHABLE_CODE = YES;
				CLANG_WARN__DUPLICATE_METHOD_MATCH = YES;
				COPY_PHASE_STRIP = NO;
				DEBUG_INFORMATION_FORMAT = dwarf;
				ENABLE_STRICT_OBJC_MSGSEND = YES;
				ENABLE_TESTABILITY = YES;
				GCC_C_LANGUAGE_STANDARD = gnu11;
				GCC_DYNAMIC_NO_PIC = NO;
				GCC_NO_COMMON_BLOCKS = YES;
				GCC_OPTIMIZATION_LEVEL = 0;
				GCC_PREPROCESSOR_DEFINITIONS = (
					"DEBUG=1",
					"$(inherited)",
				);
				GCC_WARN_64_TO_32_BIT_CONVERSION = YES;
				GCC_WARN_ABOUT_RETURN_TYPE = YES_ERROR;
				GCC_WARN_UNDECLARED_SELECTOR = YES;
				GCC_WARN_UNINITIALIZED_AUTOS = YES_AGGRESSIVE;
				GCC_WARN_UNUSED_FUNCTION = YES;
				GCC_WARN_UNUSED_VARIABLE = YES;
				IPHONEOS_DEPLOYMENT_TARGET = 13.2;
				MTL_ENABLE_DEBUG_INFO = INCLUDE_SOURCE;
				MTL_FAST_MATH = YES;
				ONLY_ACTIVE_ARCH = YES;
				SDKROOT = iphoneos;
				SWIFT_ACTIVE_COMPILATION_CONDITIONS = DEBUG;
				SWIFT_OPTIMIZATION_LEVEL = "-Onone";
			};
			name = Debug;
		};
		3E8043C1240564AC0034C44D /* Release */ = {
			isa = XCBuildConfiguration;
			buildSettings = {
				ALWAYS_SEARCH_USER_PATHS = NO;
				CLANG_ANALYZER_NONNULL = YES;
				CLANG_ANALYZER_NUMBER_OBJECT_CONVERSION = YES_AGGRESSIVE;
				CLANG_CXX_LANGUAGE_STANDARD = "gnu++14";
				CLANG_CXX_LIBRARY = "libc++";
				CLANG_ENABLE_MODULES = YES;
				CLANG_ENABLE_OBJC_ARC = YES;
				CLANG_ENABLE_OBJC_WEAK = YES;
				CLANG_WARN_BLOCK_CAPTURE_AUTORELEASING = YES;
				CLANG_WARN_BOOL_CONVERSION = YES;
				CLANG_WARN_COMMA = YES;
				CLANG_WARN_CONSTANT_CONVERSION = YES;
				CLANG_WARN_DEPRECATED_OBJC_IMPLEMENTATIONS = YES;
				CLANG_WARN_DIRECT_OBJC_ISA_USAGE = YES_ERROR;
				CLANG_WARN_DOCUMENTATION_COMMENTS = YES;
				CLANG_WARN_EMPTY_BODY = YES;
				CLANG_WARN_ENUM_CONVERSION = YES;
				CLANG_WARN_INFINITE_RECURSION = YES;
				CLANG_WARN_INT_CONVERSION = YES;
				CLANG_WARN_NON_LITERAL_NULL_CONVERSION = YES;
				CLANG_WARN_OBJC_IMPLICIT_RETAIN_SELF = YES;
				CLANG_WARN_OBJC_LITERAL_CONVERSION = YES;
				CLANG_WARN_OBJC_ROOT_CLASS = YES_ERROR;
				CLANG_WARN_RANGE_LOOP_ANALYSIS = YES;
				CLANG_WARN_STRICT_PROTOTYPES = YES;
				CLANG_WARN_SUSPICIOUS_MOVE = YES;
				CLANG_WARN_UNGUARDED_AVAILABILITY = YES_AGGRESSIVE;
				CLANG_WARN_UNREACHABLE_CODE = YES;
				CLANG_WARN__DUPLICATE_METHOD_MATCH = YES;
				COPY_PHASE_STRIP = NO;
				DEBUG_INFORMATION_FORMAT = "dwarf-with-dsym";
				ENABLE_NS_ASSERTIONS = NO;
				ENABLE_STRICT_OBJC_MSGSEND = YES;
				GCC_C_LANGUAGE_STANDARD = gnu11;
				GCC_NO_COMMON_BLOCKS = YES;
				GCC_WARN_64_TO_32_BIT_CONVERSION = YES;
				GCC_WARN_ABOUT_RETURN_TYPE = YES_ERROR;
				GCC_WARN_UNDECLARED_SELECTOR = YES;
				GCC_WARN_UNINITIALIZED_AUTOS = YES_AGGRESSIVE;
				GCC_WARN_UNUSED_FUNCTION = YES;
				GCC_WARN_UNUSED_VARIABLE = YES;
				IPHONEOS_DEPLOYMENT_TARGET = 13.2;
				MTL_ENABLE_DEBUG_INFO = NO;
				MTL_FAST_MATH = YES;
				SDKROOT = iphoneos;
				SWIFT_COMPILATION_MODE = wholemodule;
				SWIFT_OPTIMIZATION_LEVEL = "-O";
				VALIDATE_PRODUCT = YES;
			};
			name = Release;
		};
		3E8043C3240564AC0034C44D /* Debug */ = {
			isa = XCBuildConfiguration;
			buildSettings = {
				ASSETCATALOG_COMPILER_APPICON_NAME = AppIcon;
				CODE_SIGN_STYLE = Automatic;
				DEVELOPMENT_TEAM = TZEHFE7VA2;
				INFOPLIST_FILE = DDPopup/Info.plist;
				LD_RUNPATH_SEARCH_PATHS = (
					"$(inherited)",
					"@executable_path/Frameworks",
				);
				PRODUCT_BUNDLE_IDENTIFIER = com.deepindo.ddpopup.DDPopup;
				PRODUCT_NAME = "$(TARGET_NAME)";
				SWIFT_VERSION = 5.0;
				TARGETED_DEVICE_FAMILY = "1,2";
			};
			name = Debug;
		};
		3E8043C4240564AC0034C44D /* Release */ = {
			isa = XCBuildConfiguration;
			buildSettings = {
				ASSETCATALOG_COMPILER_APPICON_NAME = AppIcon;
				CODE_SIGN_STYLE = Automatic;
				DEVELOPMENT_TEAM = TZEHFE7VA2;
				INFOPLIST_FILE = DDPopup/Info.plist;
				LD_RUNPATH_SEARCH_PATHS = (
					"$(inherited)",
					"@executable_path/Frameworks",
				);
				PRODUCT_BUNDLE_IDENTIFIER = com.deepindo.ddpopup.DDPopup;
				PRODUCT_NAME = "$(TARGET_NAME)";
				SWIFT_VERSION = 5.0;
				TARGETED_DEVICE_FAMILY = "1,2";
			};
			name = Release;
		};
		3E8043C6240564AC0034C44D /* Debug */ = {
			isa = XCBuildConfiguration;
			buildSettings = {
				ALWAYS_EMBED_SWIFT_STANDARD_LIBRARIES = YES;
				BUNDLE_LOADER = "$(TEST_HOST)";
				CODE_SIGN_STYLE = Automatic;
				DEVELOPMENT_TEAM = TZEHFE7VA2;
				INFOPLIST_FILE = DDPopupTests/Info.plist;
				IPHONEOS_DEPLOYMENT_TARGET = 13.2;
				LD_RUNPATH_SEARCH_PATHS = (
					"$(inherited)",
					"@executable_path/Frameworks",
					"@loader_path/Frameworks",
				);
				PRODUCT_BUNDLE_IDENTIFIER = com.deepindo.ddpopup.DDPopupTests;
				PRODUCT_NAME = "$(TARGET_NAME)";
				SWIFT_VERSION = 5.0;
				TARGETED_DEVICE_FAMILY = "1,2";
				TEST_HOST = "$(BUILT_PRODUCTS_DIR)/DDPopup.app/DDPopup";
			};
			name = Debug;
		};
		3E8043C7240564AC0034C44D /* Release */ = {
			isa = XCBuildConfiguration;
			buildSettings = {
				ALWAYS_EMBED_SWIFT_STANDARD_LIBRARIES = YES;
				BUNDLE_LOADER = "$(TEST_HOST)";
				CODE_SIGN_STYLE = Automatic;
				DEVELOPMENT_TEAM = TZEHFE7VA2;
				INFOPLIST_FILE = DDPopupTests/Info.plist;
				IPHONEOS_DEPLOYMENT_TARGET = 13.2;
				LD_RUNPATH_SEARCH_PATHS = (
					"$(inherited)",
					"@executable_path/Frameworks",
					"@loader_path/Frameworks",
				);
				PRODUCT_BUNDLE_IDENTIFIER = com.deepindo.ddpopup.DDPopupTests;
				PRODUCT_NAME = "$(TARGET_NAME)";
				SWIFT_VERSION = 5.0;
				TARGETED_DEVICE_FAMILY = "1,2";
				TEST_HOST = "$(BUILT_PRODUCTS_DIR)/DDPopup.app/DDPopup";
			};
			name = Release;
		};
		3E8043C9240564AC0034C44D /* Debug */ = {
			isa = XCBuildConfiguration;
			buildSettings = {
				ALWAYS_EMBED_SWIFT_STANDARD_LIBRARIES = YES;
				CODE_SIGN_STYLE = Automatic;
				DEVELOPMENT_TEAM = TZEHFE7VA2;
				INFOPLIST_FILE = DDPopupUITests/Info.plist;
				LD_RUNPATH_SEARCH_PATHS = (
					"$(inherited)",
					"@executable_path/Frameworks",
					"@loader_path/Frameworks",
				);
				PRODUCT_BUNDLE_IDENTIFIER = com.deepindo.ddpopup.DDPopupUITests;
				PRODUCT_NAME = "$(TARGET_NAME)";
				SWIFT_VERSION = 5.0;
				TARGETED_DEVICE_FAMILY = "1,2";
				TEST_TARGET_NAME = DDPopup;
			};
			name = Debug;
		};
		3E8043CA240564AC0034C44D /* Release */ = {
			isa = XCBuildConfiguration;
			buildSettings = {
				ALWAYS_EMBED_SWIFT_STANDARD_LIBRARIES = YES;
				CODE_SIGN_STYLE = Automatic;
				DEVELOPMENT_TEAM = TZEHFE7VA2;
				INFOPLIST_FILE = DDPopupUITests/Info.plist;
				LD_RUNPATH_SEARCH_PATHS = (
					"$(inherited)",
					"@executable_path/Frameworks",
					"@loader_path/Frameworks",
				);
				PRODUCT_BUNDLE_IDENTIFIER = com.deepindo.ddpopup.DDPopupUITests;
				PRODUCT_NAME = "$(TARGET_NAME)";
				SWIFT_VERSION = 5.0;
				TARGETED_DEVICE_FAMILY = "1,2";
				TEST_TARGET_NAME = DDPopup;
			};
			name = Release;
		};
/* End XCBuildConfiguration section */

/* Begin XCConfigurationList section */
		3E804393240564A70034C44D /* Build configuration list for PBXProject "DDPopup" */ = {
			isa = XCConfigurationList;
			buildConfigurations = (
				3E8043C0240564AC0034C44D /* Debug */,
				3E8043C1240564AC0034C44D /* Release */,
			);
			defaultConfigurationIsVisible = 0;
			defaultConfigurationName = Release;
		};
		3E8043C2240564AC0034C44D /* Build configuration list for PBXNativeTarget "DDPopup" */ = {
			isa = XCConfigurationList;
			buildConfigurations = (
				3E8043C3240564AC0034C44D /* Debug */,
				3E8043C4240564AC0034C44D /* Release */,
			);
			defaultConfigurationIsVisible = 0;
			defaultConfigurationName = Release;
		};
		3E8043C5240564AC0034C44D /* Build configuration list for PBXNativeTarget "DDPopupTests" */ = {
			isa = XCConfigurationList;
			buildConfigurations = (
				3E8043C6240564AC0034C44D /* Debug */,
				3E8043C7240564AC0034C44D /* Release */,
			);
			defaultConfigurationIsVisible = 0;
			defaultConfigurationName = Release;
		};
		3E8043C8240564AC0034C44D /* Build configuration list for PBXNativeTarget "DDPopupUITests" */ = {
			isa = XCConfigurationList;
			buildConfigurations = (
				3E8043C9240564AC0034C44D /* Debug */,
				3E8043CA240564AC0034C44D /* Release */,
			);
			defaultConfigurationIsVisible = 0;
			defaultConfigurationName = Release;
		};
/* End XCConfigurationList section */
	};
	rootObject = 3E804390240564A70034C44D /* Project object */;
}
